
Microsoft Visual Studio Solution File, Format Version 12.00
# Visual Studio Version 17
Project("{2150E333-8FDC-42A3-9474-1A3956D46DE8}") = "CMakePredefinedTargets", "CMakePredefinedTargets", "{2E01D576-921B-39F0-94D0-29E2706A7041}"
EndProject
Project("{2150E333-8FDC-42A3-9474-1A3956D46DE8}") = "dependencies", "dependencies", "{7F9CA73D-C47F-36E8-8820-E81695393961}"
EndProject
Project("{8BC9CEB8-8B4A-11D0-8D11-00A0C91BC942}") = "ALL_BUILD", "ALL_BUILD.vcxproj", "{AC9F881F-E33F-30C9-A64B-5A0D31F1AE05}"
	ProjectSection(ProjectDependencies) = postProject
		{95040A0E-87FB-3AAE-B073-C1B4F1DE5779} = {95040A0E-87FB-3AAE-B073-C1B4F1DE5779}
		{9103EC2F-81DF-3EA2-8E72-1A2FBF7362A8} = {9103EC2F-81DF-3EA2-8E72-1A2FBF7362A8}
	EndProjectSection
EndProject
Project("{8BC9CEB8-8B4A-11D0-8D11-00A0C91BC942}") = "INSTALL", "INSTALL.vcxproj", "{21FB6D7D-B1F8-32E5-8E1B-5FFB6B695CD2}"
	ProjectSection(ProjectDependencies) = postProject
		{AC9F881F-E33F-30C9-A64B-5A0D31F1AE05} = {AC9F881F-E33F-30C9-A64B-5A0D31F1AE05}
		{95040A0E-87FB-3AAE-B073-C1B4F1DE5779} = {95040A0E-87FB-3AAE-B073-C1B4F1DE5779}
	EndProjectSection
EndProject
Project("{8BC9CEB8-8B4A-11D0-8D11-00A0C91BC942}") = "PACKAGE", "PACKAGE.vcxproj", "{101DB366-FCED-38E9-9E3D-8D054E32C38A}"
	ProjectSection(ProjectDependencies) = postProject
		{AC9F881F-E33F-30C9-A64B-5A0D31F1AE05} = {AC9F881F-E33F-30C9-A64B-5A0D31F1AE05}
		{95040A0E-87FB-3AAE-B073-C1B4F1DE5779} = {95040A0E-87FB-3AAE-B073-C1B4F1DE5779}
	EndProjectSection
EndProject
Project("{8BC9CEB8-8B4A-11D0-8D11-00A0C91BC942}") = "ZERO_CHECK", "..\..\\ZERO_CHECK.vcxproj", "{95040A0E-87FB-3AAE-B073-C1B4F1DE5779}"
	ProjectSection(ProjectDependencies) = postProject
	EndProjectSection
EndProject
Project("{8BC9CEB8-8B4A-11D0-8D11-00A0C91BC942}") = "tbb_def_files", "tbb_def_files.vcxproj", "{47A1FCF6-4C0C-3B1B-AEAC-4A786AF23813}"
	ProjectSection(ProjectDependencies) = postProject
		{95040A0E-87FB-3AAE-B073-C1B4F1DE5779} = {95040A0E-87FB-3AAE-B073-C1B4F1DE5779}
	EndProjectSection
EndProject
Project("{8BC9CEB8-8B4A-11D0-8D11-00A0C91BC942}") = "tbb_static", "tbb_static.vcxproj", "{9103EC2F-81DF-3EA2-8E72-1A2FBF7362A8}"
	ProjectSection(ProjectDependencies) = postProject
		{95040A0E-87FB-3AAE-B073-C1B4F1DE5779} = {95040A0E-87FB-3AAE-B073-C1B4F1DE5779}
	EndProjectSection
EndProject
Global
	GlobalSection(SolutionConfigurationPlatforms) = preSolution
		Debug|x64 = Debug|x64
		Release|x64 = Release|x64
		MinSizeRel|x64 = MinSizeRel|x64
		RelWithDebInfo|x64 = RelWithDebInfo|x64
	EndGlobalSection
	GlobalSection(ProjectConfigurationPlatforms) = postSolution
		{AC9F881F-E33F-30C9-A64B-5A0D31F1AE05}.Debug|x64.ActiveCfg = Debug|x64
		{AC9F881F-E33F-30C9-A64B-5A0D31F1AE05}.Debug|x64.Build.0 = Debug|x64
		{AC9F881F-E33F-30C9-A64B-5A0D31F1AE05}.Release|x64.ActiveCfg = Release|x64
		{AC9F881F-E33F-30C9-A64B-5A0D31F1AE05}.Release|x64.Build.0 = Release|x64
		{AC9F881F-E33F-30C9-A64B-5A0D31F1AE05}.MinSizeRel|x64.ActiveCfg = MinSizeRel|x64
		{AC9F881F-E33F-30C9-A64B-5A0D31F1AE05}.MinSizeRel|x64.Build.0 = MinSizeRel|x64
		{AC9F881F-E33F-30C9-A64B-5A0D31F1AE05}.RelWithDebInfo|x64.ActiveCfg = RelWithDebInfo|x64
		{AC9F881F-E33F-30C9-A64B-5A0D31F1AE05}.RelWithDebInfo|x64.Build.0 = RelWithDebInfo|x64
		{21FB6D7D-B1F8-32E5-8E1B-5FFB6B695CD2}.Debug|x64.ActiveCfg = Debug|x64
		{21FB6D7D-B1F8-32E5-8E1B-5FFB6B695CD2}.Release|x64.ActiveCfg = Release|x64
		{21FB6D7D-B1F8-32E5-8E1B-5FFB6B695CD2}.MinSizeRel|x64.ActiveCfg = MinSizeRel|x64
		{21FB6D7D-B1F8-32E5-8E1B-5FFB6B695CD2}.RelWithDebInfo|x64.ActiveCfg = RelWithDebInfo|x64
		{101DB366-FCED-38E9-9E3D-8D054E32C38A}.Debug|x64.ActiveCfg = Debug|x64
		{101DB366-FCED-38E9-9E3D-8D054E32C38A}.Release|x64.ActiveCfg = Release|x64
		{101DB366-FCED-38E9-9E3D-8D054E32C38A}.MinSizeRel|x64.ActiveCfg = MinSizeRel|x64
		{101DB366-FCED-38E9-9E3D-8D054E32C38A}.RelWithDebInfo|x64.ActiveCfg = RelWithDebInfo|x64
		{95040A0E-87FB-3AAE-B073-C1B4F1DE5779}.Debug|x64.ActiveCfg = Debug|x64
		{95040A0E-87FB-3AAE-B073-C1B4F1DE5779}.Debug|x64.Build.0 = Debug|x64
		{95040A0E-87FB-3AAE-B073-C1B4F1DE5779}.Release|x64.ActiveCfg = Release|x64
		{95040A0E-87FB-3AAE-B073-C1B4F1DE5779}.Release|x64.Build.0 = Release|x64
		{95040A0E-87FB-3AAE-B073-C1B4F1DE5779}.MinSizeRel|x64.ActiveCfg = MinSizeRel|x64
		{95040A0E-87FB-3AAE-B073-C1B4F1DE5779}.MinSizeRel|x64.Build.0 = MinSizeRel|x64
		{95040A0E-87FB-3AAE-B073-C1B4F1DE5779}.RelWithDebInfo|x64.ActiveCfg = RelWithDebInfo|x64
		{95040A0E-87FB-3AAE-B073-C1B4F1DE5779}.RelWithDebInfo|x64.Build.0 = RelWithDebInfo|x64
		{47A1FCF6-4C0C-3B1B-AEAC-4A786AF23813}.Debug|x64.ActiveCfg = Debug|x64
		{47A1FCF6-4C0C-3B1B-AEAC-4A786AF23813}.Release|x64.ActiveCfg = Release|x64
		{47A1FCF6-4C0C-3B1B-AEAC-4A786AF23813}.MinSizeRel|x64.ActiveCfg = MinSizeRel|x64
		{47A1FCF6-4C0C-3B1B-AEAC-4A786AF23813}.RelWithDebInfo|x64.ActiveCfg = RelWithDebInfo|x64
		{9103EC2F-81DF-3EA2-8E72-1A2FBF7362A8}.Debug|x64.ActiveCfg = Debug|x64
		{9103EC2F-81DF-3EA2-8E72-1A2FBF7362A8}.Debug|x64.Build.0 = Debug|x64
		{9103EC2F-81DF-3EA2-8E72-1A2FBF7362A8}.Release|x64.ActiveCfg = Release|x64
		{9103EC2F-81DF-3EA2-8E72-1A2FBF7362A8}.Release|x64.Build.0 = Release|x64
		{9103EC2F-81DF-3EA2-8E72-1A2FBF7362A8}.MinSizeRel|x64.ActiveCfg = MinSizeRel|x64
		{9103EC2F-81DF-3EA2-8E72-1A2FBF7362A8}.MinSizeRel|x64.Build.0 = MinSizeRel|x64
		{9103EC2F-81DF-3EA2-8E72-1A2FBF7362A8}.RelWithDebInfo|x64.ActiveCfg = RelWithDebInfo|x64
		{9103EC2F-81DF-3EA2-8E72-1A2FBF7362A8}.RelWithDebInfo|x64.Build.0 = RelWithDebInfo|x64
	EndGlobalSection
	GlobalSection(NestedProjects) = preSolution
		{AC9F881F-E33F-30C9-A64B-5A0D31F1AE05} = {2E01D576-921B-39F0-94D0-29E2706A7041}
		{21FB6D7D-B1F8-32E5-8E1B-5FFB6B695CD2} = {2E01D576-921B-39F0-94D0-29E2706A7041}
		{101DB366-FCED-38E9-9E3D-8D054E32C38A} = {2E01D576-921B-39F0-94D0-29E2706A7041}
		{95040A0E-87FB-3AAE-B073-C1B4F1DE5779} = {2E01D576-921B-39F0-94D0-29E2706A7041}
		{47A1FCF6-4C0C-3B1B-AEAC-4A786AF23813} = {7F9CA73D-C47F-36E8-8820-E81695393961}
		{9103EC2F-81DF-3EA2-8E72-1A2FBF7362A8} = {7F9CA73D-C47F-36E8-8820-E81695393961}
	EndGlobalSection
	GlobalSection(ExtensibilityGlobals) = postSolution
		SolutionGuid = {2CC6DDAA-53CB-33FE-96EA-8F611B0F2286}
	EndGlobalSection
	GlobalSection(ExtensibilityAddIns) = postSolution
	EndGlobalSection
EndGlobal
